
Microsoft Visual Studio Solution File, Format Version 12.00
# Visual Studio Version 16
VisualStudioVersion = 16.0.29709.97
MinimumVisualStudioVersion = 10.0.40219.1
Project("{FAE04EC0-301F-11D3-BF4B-00C04F79EFBC}") = "ChessMoves", "ChessMoves\ChessMoves.csproj", "{380DDFDA-5092-4C27-9A67-67A6887ECC73}"
EndProject
Project("{FAE04EC0-301F-11D3-BF4B-00C04F79EFBC}") = "ChessMoves.Tests", "ChessMoves.Tests\ChessMoves.Tests.csproj", "{D721D3CD-6023-4EEC-A6F6-1820BD52F426}"
EndProject
Global
	GlobalSection(SolutionConfigurationPlatforms) = preSolution
		Debug|Any CPU = Debug|Any CPU
		Release|Any CPU = Release|Any CPU
	EndGlobalSection
	GlobalSection(ProjectConfigurationPlatforms) = postSolution
		{380DDFDA-5092-4C27-9A67-67A6887ECC73}.Debug|Any CPU.ActiveCfg = Debug|Any CPU
		{380DDFDA-5092-4C27-9A67-67A6887ECC73}.Debug|Any CPU.Build.0 = Debug|Any CPU
		{380DDFDA-5092-4C27-9A67-67A6887ECC73}.Release|Any CPU.ActiveCfg = Release|Any CPU
		{380DDFDA-5092-4C27-9A67-67A6887ECC73}.Release|Any CPU.Build.0 = Release|Any CPU
		{D721D3CD-6023-4EEC-A6F6-1820BD52F426}.Debug|Any CPU.ActiveCfg = Debug|Any CPU
		{D721D3CD-6023-4EEC-A6F6-1820BD52F426}.Debug|Any CPU.Build.0 = Debug|Any CPU
		{D721D3CD-6023-4EEC-A6F6-1820BD52F426}.Release|Any CPU.ActiveCfg = Release|Any CPU
		{D721D3CD-6023-4EEC-A6F6-1820BD52F426}.Release|Any CPU.Build.0 = Release|Any CPU
	EndGlobalSection
	GlobalSection(SolutionProperties) = preSolution
		HideSolutionNode = FALSE
	EndGlobalSection
	GlobalSection(ExtensibilityGlobals) = postSolution
		SolutionGuid = {6D48F129-5406-4D99-9CAF-7B409A6C4F4F}
	EndGlobalSection
EndGlobal
